
Microsoft Visual Studio Solution File, Format Version 12.00
# Visual Studio 2012
Project("{FAE04EC0-301F-11D3-BF4B-00C04F79EFBC}") = "WebPlotter", "WebServer\WebPlotter.csproj", "{0EC8EE67-375B-4573-9C26-511ACA36FC8D}"
EndProject
Project("{FAE04EC0-301F-11D3-BF4B-00C04F79EFBC}") = "ImageConverter", "ImageConverter\ImageConverter.csproj", "{6A1588A7-E8D0-43DB-8128-BA20B84C54C4}"
EndProject
Project("{FAE04EC0-301F-11D3-BF4B-00C04F79EFBC}") = "MvcEx.3.5", "..\CSharpLibs\trunk\MvcEx\MvcEx.3.5.csproj", "{7ACEAB30-8076-44A1-824E-A4C144CFB741}"
EndProject
Project("{FAE04EC0-301F-11D3-BF4B-00C04F79EFBC}") = "CoreEx.3.5", "..\CSharpLibs\trunk\CoreEx\CoreEx.3.5.csproj", "{760B8FFF-071C-46A8-99D2-81144144DB7E}"
EndProject
Project("{FAE04EC0-301F-11D3-BF4B-00C04F79EFBC}") = "HttpServer.3.5", "..\CSharpLibs\trunk\HttpServer\HttpServer.3.5.csproj", "{2CF8A25E-5F98-4194-B33A-379D4AF01878}"
EndProject
Global
	GlobalSection(SolutionConfigurationPlatforms) = preSolution
		Debug|Any CPU = Debug|Any CPU
		Release|Any CPU = Release|Any CPU
	EndGlobalSection
	GlobalSection(ProjectConfigurationPlatforms) = postSolution
		{0EC8EE67-375B-4573-9C26-511ACA36FC8D}.Debug|Any CPU.ActiveCfg = Debug|Any CPU
		{0EC8EE67-375B-4573-9C26-511ACA36FC8D}.Debug|Any CPU.Build.0 = Debug|Any CPU
		{0EC8EE67-375B-4573-9C26-511ACA36FC8D}.Release|Any CPU.ActiveCfg = Release|Any CPU
		{0EC8EE67-375B-4573-9C26-511ACA36FC8D}.Release|Any CPU.Build.0 = Release|Any CPU
		{6A1588A7-E8D0-43DB-8128-BA20B84C54C4}.Debug|Any CPU.ActiveCfg = Debug|Any CPU
		{6A1588A7-E8D0-43DB-8128-BA20B84C54C4}.Debug|Any CPU.Build.0 = Debug|Any CPU
		{6A1588A7-E8D0-43DB-8128-BA20B84C54C4}.Release|Any CPU.ActiveCfg = Release|Any CPU
		{6A1588A7-E8D0-43DB-8128-BA20B84C54C4}.Release|Any CPU.Build.0 = Release|Any CPU
		{7ACEAB30-8076-44A1-824E-A4C144CFB741}.Debug|Any CPU.ActiveCfg = Debug|Any CPU
		{7ACEAB30-8076-44A1-824E-A4C144CFB741}.Debug|Any CPU.Build.0 = Debug|Any CPU
		{7ACEAB30-8076-44A1-824E-A4C144CFB741}.Release|Any CPU.ActiveCfg = Release|Any CPU
		{7ACEAB30-8076-44A1-824E-A4C144CFB741}.Release|Any CPU.Build.0 = Release|Any CPU
		{760B8FFF-071C-46A8-99D2-81144144DB7E}.Debug|Any CPU.ActiveCfg = Debug|Any CPU
		{760B8FFF-071C-46A8-99D2-81144144DB7E}.Debug|Any CPU.Build.0 = Debug|Any CPU
		{760B8FFF-071C-46A8-99D2-81144144DB7E}.Release|Any CPU.ActiveCfg = Release|Any CPU
		{760B8FFF-071C-46A8-99D2-81144144DB7E}.Release|Any CPU.Build.0 = Release|Any CPU
		{2CF8A25E-5F98-4194-B33A-379D4AF01878}.Debug|Any CPU.ActiveCfg = Debug|Any CPU
		{2CF8A25E-5F98-4194-B33A-379D4AF01878}.Debug|Any CPU.Build.0 = Debug|Any CPU
		{2CF8A25E-5F98-4194-B33A-379D4AF01878}.Release|Any CPU.ActiveCfg = Release|Any CPU
		{2CF8A25E-5F98-4194-B33A-379D4AF01878}.Release|Any CPU.Build.0 = Release|Any CPU
	EndGlobalSection
	GlobalSection(SolutionProperties) = preSolution
		HideSolutionNode = FALSE
	EndGlobalSection
EndGlobal
