# THIS IS AN AUTOGENERATED FILE. DO NOT EDIT THIS FILE DIRECTLY.
# yarn lockfile v1


abbrev@1:
  version "1.1.1"
  resolved "https://registry.yarnpkg.com/abbrev/-/abbrev-1.1.1.tgz#f8f2c887ad10bf67f634f005b6987fed3179aac8"
  integrity sha512-nne9/IiQ/hzIhY6pdDnbBtz7DjPTKrY00P/zvPSm5pOFkl6xuGrGnXn/VtTNNfNtAfZ9/1RtehkszU9qcTii0Q==

accepts@~1.1.2:
  version "1.1.4"
  resolved "https://registry.yarnpkg.com/accepts/-/accepts-1.1.4.tgz#d71c96f7d41d0feda2c38cd14e8a27c04158df4a"
  integrity sha1-1xyW99QdD+2iw4zRToonwEFY30o=
  dependencies:
    mime-types "~2.0.4"
    negotiator "0.4.9"

accepts@~1.2.5:
  version "1.2.13"
  resolved "https://registry.yarnpkg.com/accepts/-/accepts-1.2.13.tgz#e5f1f3928c6d95fd96558c36ec3d9d0de4a6ecea"
  integrity sha1-5fHzkoxtlf2WVYw27D2dDeSm7Oo=
  dependencies:
    mime-types "~2.1.6"
    negotiator "0.5.3"

ansi-regex@^2.0.0:
  version "2.1.1"
  resolved "https://registry.yarnpkg.com/ansi-regex/-/ansi-regex-2.1.1.tgz#c3b33ab5ee360d86e0e628f0468ae7ef27d654df"
  integrity sha1-w7M6te42DYbg5ijwRorn7yfWVN8=

ansi-styles@^2.2.1:
  version "2.2.1"
  resolved "https://registry.yarnpkg.com/ansi-styles/-/ansi-styles-2.2.1.tgz#b432dd3358b634cf75e1e4664368240533c1ddbe"
  integrity sha1-tDLdM1i2NM914eRmQ2gkBTPB3b4=

argparse@^1.0.7:
  version "1.0.10"
  resolved "https://registry.yarnpkg.com/argparse/-/argparse-1.0.10.tgz#bcd6791ea5ae09725e17e5ad988134cd40b3d911"
  integrity sha512-o5Roy6tNG4SL/FOkCAN6RzjiakZS25RLYFrcMttJqbdd8BWrnA+fGz57iN5Pb06pvBGvl5gQ0B48dJlslXvoTg==
  dependencies:
    sprintf-js "~1.0.2"

body-parser@1.12.2:
  version "1.12.2"
  resolved "https://registry.yarnpkg.com/body-parser/-/body-parser-1.12.2.tgz#698368fb4dfc57a05bff1ddb1bebeba3bd2c0e87"
  integrity sha1-aYNo+038V6Bb/x3bG+vro70sDoc=
  dependencies:
    bytes "1.0.0"
    content-type "~1.0.1"
    debug "~2.1.3"
    depd "~1.0.0"
    iconv-lite "0.4.7"
    on-finished "~2.2.0"
    qs "2.4.1"
    raw-body "1.3.3"
    type-is "~1.6.1"

bytes@1.0.0:
  version "1.0.0"
  resolved "https://registry.yarnpkg.com/bytes/-/bytes-1.0.0.tgz#3569ede8ba34315fab99c3e92cb04c7220de1fa8"
  integrity sha1-NWnt6Lo0MV+rmcPpLLBMciDeH6g=

chalk@^1.0.0:
  version "1.1.3"
  resolved "https://registry.yarnpkg.com/chalk/-/chalk-1.1.3.tgz#a8115c55e4a702fe4d150abd3872822a7e09fc98"
  integrity sha1-qBFcVeSnAv5NFQq9OHKCKn4J/Jg=
  dependencies:
    ansi-styles "^2.2.1"
    escape-string-regexp "^1.0.2"
    has-ansi "^2.0.0"
    strip-ansi "^3.0.0"
    supports-color "^2.0.0"

compressible@~2.0.2:
  version "2.0.18"
  resolved "https://registry.yarnpkg.com/compressible/-/compressible-2.0.18.tgz#af53cca6b070d4c3c0750fbd77286a6d7cc46fba"
  integrity sha512-AF3r7P5dWxL8MxyITRMlORQNaOA2IkAFaTr4k7BUumjPtRpGDTZpl0Pb1XCO6JeDCBdp126Cgs9sMxqSjgYyRg==
  dependencies:
    mime-db ">= 1.43.0 < 2"

compression@1.4.3:
  version "1.4.3"
  resolved "https://registry.yarnpkg.com/compression/-/compression-1.4.3.tgz#7161bc0441df629273e5c31dd631b8e41e886b4d"
  integrity sha1-cWG8BEHfYpJz5cMd1jG45B6Ia00=
  dependencies:
    accepts "~1.2.5"
    bytes "1.0.0"
    compressible "~2.0.2"
    debug "~2.1.3"
    on-headers "~1.0.0"
    vary "~1.0.0"

configstore@^0.3.1:
  version "0.3.2"
  resolved "https://registry.yarnpkg.com/configstore/-/configstore-0.3.2.tgz#25e4c16c3768abf75c5a65bc61761f495055b459"
  integrity sha1-JeTBbDdoq/dcWmW8YXYfSVBVtFk=
  dependencies:
    graceful-fs "^3.0.1"
    js-yaml "^3.1.0"
    mkdirp "^0.5.0"
    object-assign "^2.0.0"
    osenv "^0.1.0"
    user-home "^1.0.0"
    uuid "^2.0.1"
    xdg-basedir "^1.0.0"

content-type@~1.0.1:
  version "1.0.4"
  resolved "https://registry.yarnpkg.com/content-type/-/content-type-1.0.4.tgz#e138cc75e040c727b1966fe5e5f8c9aee256fe3b"
  integrity sha512-hIP3EEPs8tB9AT1L+NUqtwOAps4mk2Zob89MWXMHjHWg9milF/j4osnnQLXBCBFBk/tvIG/tUc9mOUJiPBhPXA==

cookie-signature@1.0.5:
  version "1.0.5"
  resolved "https://registry.yarnpkg.com/cookie-signature/-/cookie-signature-1.0.5.tgz#a122e3f1503eca0f5355795b0711bb2368d450f9"
  integrity sha1-oSLj8VA+yg9TVXlbBxG7I2jUUPk=

cookie-signature@1.0.6:
  version "1.0.6"
  resolved "https://registry.yarnpkg.com/cookie-signature/-/cookie-signature-1.0.6.tgz#e303a882b342cc3ee8ca513a79999734dab3ae2c"
  integrity sha1-4wOogrNCzD7oylE6eZmXNNqzriw=

cookie@0.1.2:
  version "0.1.2"
  resolved "https://registry.yarnpkg.com/cookie/-/cookie-0.1.2.tgz#72fec3d24e48a3432073d90c12642005061004b1"
  integrity sha1-cv7D0k5Io0Mgc9kMEmQgBQYQBLE=

cookie@0.4.0:
  version "0.4.0"
  resolved "https://registry.yarnpkg.com/cookie/-/cookie-0.4.0.tgz#beb437e7022b3b6d49019d088665303ebe9c14ba"
  integrity sha512-+Hp8fLp57wnUSt0tY0tHEXh4voZRDnoIrZPqlo3DPiI4y9lwg/jqx+1Om94/W6ZaPDOUbnjOt/99w66zk+l1Xg==

core-util-is@~1.0.0:
  version "1.0.2"
  resolved "https://registry.yarnpkg.com/core-util-is/-/core-util-is-1.0.2.tgz#b5fd54220aa2bc5ab57aab7140c940754503c1a7"
  integrity sha1-tf1UIgqivFq1eqtxQMlAdUUDwac=

crc@3.0.0:
  version "3.0.0"
  resolved "https://registry.yarnpkg.com/crc/-/crc-3.0.0.tgz#d11e97ec44a844e5eb15a74fa2c7875d0aac4b22"
  integrity sha1-0R6X7ESoROXrFadPoseHXQqsSyI=

debug@2.6.9:
  version "2.6.9"
  resolved "https://registry.yarnpkg.com/debug/-/debug-2.6.9.tgz#5d128515df134ff327e90a4c93f4e077a536341f"
  integrity sha512-bC7ElrdJaJnPbAP+1EotYvqZsb3ecl5wi6Bfi6BJTUcNowp6cvspg0jXznRTKDjm/E7AdgFBVeAPVMNcKGsHMA==
  dependencies:
    ms "2.0.0"

debug@~2.0.0:
  version "2.0.0"
  resolved "https://registry.yarnpkg.com/debug/-/debug-2.0.0.tgz#89bd9df6732b51256bc6705342bba02ed12131ef"
  integrity sha1-ib2d9nMrUSVrxnBTQrugLtEhMe8=
  dependencies:
    ms "0.6.2"

debug@~2.1.3:
  version "2.1.3"
  resolved "https://registry.yarnpkg.com/debug/-/debug-2.1.3.tgz#ce8ab1b5ee8fbee2bfa3b633cab93d366b63418e"
  integrity sha1-zoqxte6PvuK/o7Yzyrk9NmtjQY4=
  dependencies:
    ms "0.7.0"

deep-extend@^0.6.0:
  version "0.6.0"
  resolved "https://registry.yarnpkg.com/deep-extend/-/deep-extend-0.6.0.tgz#c4fa7c95404a17a9c3e8ca7e1537312b736330ac"
  integrity sha512-LOHxIOaPYdHlJRtCQfDIVZtfw/ufM8+rVj649RIHzcm/vGwQRXFt6OPqIFWsm2XEMrNIEtWR64sY1LEKD2vAOA==

depd@0.4.5:
  version "0.4.5"
  resolved "https://registry.yarnpkg.com/depd/-/depd-0.4.5.tgz#1a664b53388b4a6573e8ae67b5f767c693ca97f1"
  integrity sha1-GmZLUziLSmVz6K5ntfdnxpPKl/E=

depd@~1.0.0:
  version "1.0.1"
  resolved "https://registry.yarnpkg.com/depd/-/depd-1.0.1.tgz#80aec64c9d6d97e65cc2a9caa93c0aa6abf73aaa"
  integrity sha1-gK7GTJ1tl+ZcwqnKqTwKpqv3Oqo=

depd@~2.0.0:
  version "2.0.0"
  resolved "https://registry.yarnpkg.com/depd/-/depd-2.0.0.tgz#b696163cc757560d09cf22cc8fad1571b79e76df"
  integrity sha512-g7nH6P6dyDioJogAAGprGpCtVImJhpPk/roCzdb3fIh61/s/nPsfR6onyMwkCAR/OlC3yBC0lESvUoQEAssIrw==

destroy@1.0.3:
  version "1.0.3"
  resolved "https://registry.yarnpkg.com/destroy/-/destroy-1.0.3.tgz#b433b4724e71fd8551d9885174851c5fc377e2c9"
  integrity sha1-tDO0ck5x/YVR2YhRdIUcX8N34sk=

duplexify@^3.2.0:
  version "3.7.1"
  resolved "https://registry.yarnpkg.com/duplexify/-/duplexify-3.7.1.tgz#2a4df5317f6ccfd91f86d6fd25d8d8a103b88309"
  integrity sha512-07z8uv2wMyS51kKhD1KsdXJg5WQ6t93RneqRxUHnskXVtlYYkLqM0gqStQZ3pj073g687jPCHrqNfCzawLYh5g==
  dependencies:
    end-of-stream "^1.0.0"
    inherits "^2.0.1"
    readable-stream "^2.0.0"
    stream-shift "^1.0.0"

ee-first@1.0.5:
  version "1.0.5"
  resolved "https://registry.yarnpkg.com/ee-first/-/ee-first-1.0.5.tgz#8c9b212898d8cd9f1a9436650ce7be202c9e9ff0"
  integrity sha1-jJshKJjYzZ8alDZlDOe+ICyen/A=

ee-first@1.1.0:
  version "1.1.0"
  resolved "https://registry.yarnpkg.com/ee-first/-/ee-first-1.1.0.tgz#6a0d7c6221e490feefd92ec3f441c9ce8cd097f4"
  integrity sha1-ag18YiHkkP7v2S7D9EHJzozQl/Q=

ejs@~2.3.1:
  version "2.3.4"
  resolved "https://registry.yarnpkg.com/ejs/-/ejs-2.3.4.tgz#3c76caa09664b3583b0037af9dc136e79ec68b98"
  integrity sha1-PHbKoJZks1g7ADevncE2557Gi5g=

end-of-stream@^1.0.0:
  version "1.4.4"
  resolved "https://registry.yarnpkg.com/end-of-stream/-/end-of-stream-1.4.4.tgz#5ae64a5f45057baf3626ec14da0ca5e4b2431eb0"
  integrity sha512-+uw1inIHVPQoaVuHzRyXd21icM+cnt4CzD5rW+NC1wjOUSTOs+Te7FOv7AhN7vS9x/oIyhLP5PR1H+phQAHu5Q==
  dependencies:
    once "^1.4.0"

escape-html@1.0.1:
  version "1.0.1"
  resolved "https://registry.yarnpkg.com/escape-html/-/escape-html-1.0.1.tgz#181a286ead397a39a92857cfb1d43052e356bff0"
  integrity sha1-GBoobq05ejmpKFfPsdQwUuNWv/A=

escape-string-regexp@^1.0.2:
  version "1.0.5"
  resolved "https://registry.yarnpkg.com/escape-string-regexp/-/escape-string-regexp-1.0.5.tgz#1b61c0562190a8dff6ae3bb2cf0200ca130b86d4"
  integrity sha1-G2HAViGQqN/2rjuyzwIAyhMLhtQ=

esprima@^4.0.0:
  version "4.0.1"
  resolved "https://registry.yarnpkg.com/esprima/-/esprima-4.0.1.tgz#13b04cdb3e6c5d19df91ab6987a8695619b0aa71"
  integrity sha512-eGuFFw7Upda+g4p+QHvnW0RyTX/SVeJBDM/gCtMARO0cLuT2HcEKnTPvhjV6aGeqrCB/sbNop0Kszm0jsaWU4A==

etag@~1.4.0:
  version "1.4.0"
  resolved "https://registry.yarnpkg.com/etag/-/etag-1.4.0.tgz#3050991615857707c04119d075ba2088e0701225"
  integrity sha1-MFCZFhWFdwfAQRnQdbogiOBwEiU=
  dependencies:
    crc "3.0.0"

event-stream@~0.5:
  version "0.5.3"
  resolved "https://registry.yarnpkg.com/event-stream/-/event-stream-0.5.3.tgz#b77b9309f7107addfeab63f0c0eafd8db0bd8c1c"
  integrity sha1-t3uTCfcQet3+q2PwwOr9jbC9jBw=
  dependencies:
    optimist "0.2"

express-session@^1.7.6:
  version "1.17.1"
  resolved "https://registry.yarnpkg.com/express-session/-/express-session-1.17.1.tgz#36ecbc7034566d38c8509885c044d461c11bf357"
  integrity sha512-UbHwgqjxQZJiWRTMyhvWGvjBQduGCSBDhhZXYenziMFjxst5rMV+aJZ6hKPHZnPyHGsrqRICxtX8jtEbm/z36Q==
  dependencies:
    cookie "0.4.0"
    cookie-signature "1.0.6"
    debug "2.6.9"
    depd "~2.0.0"
    on-headers "~1.0.2"
    parseurl "~1.3.3"
    safe-buffer "5.2.0"
    uid-safe "~2.1.5"

express@~4.9.x:
  version "4.9.8"
  resolved "https://registry.yarnpkg.com/express/-/express-4.9.8.tgz#f360f596baeabbd0e5223b603d6eb578d9d2d10d"
  integrity sha1-82D1lrrqu9DlIjtgPW61eNnS0Q0=
  dependencies:
    accepts "~1.1.2"
    cookie "0.1.2"
    cookie-signature "1.0.5"
    debug "~2.0.0"
    depd "0.4.5"
    escape-html "1.0.1"
    etag "~1.4.0"
    finalhandler "0.2.0"
    fresh "0.2.4"
    media-typer "0.3.0"
    merge-descriptors "0.0.2"
    methods "1.1.0"
    on-finished "~2.1.0"
    parseurl "~1.3.0"
    path-to-regexp "0.1.3"
    proxy-addr "~1.0.3"
    qs "2.2.4"
    range-parser "~1.0.2"
    send "0.9.3"
    serve-static "~1.6.4"
    type-is "~1.5.2"
    utils-merge "1.0.0"
    vary "~1.0.0"

finalhandler@0.2.0:
  version "0.2.0"
  resolved "https://registry.yarnpkg.com/finalhandler/-/finalhandler-0.2.0.tgz#794082424b17f6a4b2a0eda39f9db6948ee4be8d"
  integrity sha1-eUCCQksX9qSyoO2jn522lI7kvo0=
  dependencies:
    debug "~2.0.0"
    escape-html "1.0.1"

forwarded@~0.1.0:
  version "0.1.2"
  resolved "https://registry.yarnpkg.com/forwarded/-/forwarded-0.1.2.tgz#98c23dab1175657b8c0573e8ceccd91b0ff18c84"
  integrity sha1-mMI9qxF1ZXuMBXPozszZGw/xjIQ=

fresh@0.2.4:
  version "0.2.4"
  resolved "https://registry.yarnpkg.com/fresh/-/fresh-0.2.4.tgz#3582499206c9723714190edd74b4604feb4a614c"
  integrity sha1-NYJJkgbJcjcUGQ7ddLRgT+tKYUw=

got@^3.2.0:
  version "3.3.1"
  resolved "https://registry.yarnpkg.com/got/-/got-3.3.1.tgz#e5d0ed4af55fc3eef4d56007769d98192bcb2eca"
  integrity sha1-5dDtSvVfw+701WAHdp2YGSvLLso=
  dependencies:
    duplexify "^3.2.0"
    infinity-agent "^2.0.0"
    is-redirect "^1.0.0"
    is-stream "^1.0.0"
    lowercase-keys "^1.0.0"
    nested-error-stacks "^1.0.0"
    object-assign "^3.0.0"
    prepend-http "^1.0.0"
    read-all-stream "^3.0.0"
    timed-out "^2.0.0"

graceful-fs@^3.0.1:
  version "3.0.12"
  resolved "https://registry.yarnpkg.com/graceful-fs/-/graceful-fs-3.0.12.tgz#0034947ce9ed695ec8ab0b854bc919e82b1ffaef"
  integrity sha512-J55gaCS4iTTJfTXIxSVw3EMQckcqkpdRv3IR7gu6sq0+tbC363Zx6KH/SEwXASK9JRbhyZmVjJEVJIOxYsB3Qg==
  dependencies:
    natives "^1.1.3"

has-ansi@^2.0.0:
  version "2.0.0"
  resolved "https://registry.yarnpkg.com/has-ansi/-/has-ansi-2.0.0.tgz#34f5049ce1ecdf2b0649af3ef24e45ed35416d91"
  integrity sha1-NPUEnOHs3ysGSa8+8k5F7TVBbZE=
  dependencies:
    ansi-regex "^2.0.0"

iconv-lite@0.4.7:
  version "0.4.7"
  resolved "https://registry.yarnpkg.com/iconv-lite/-/iconv-lite-0.4.7.tgz#89d32fec821bf8597f44609b4bc09bed5c209a23"
  integrity sha1-idMv7IIb+Fl/RGCbS8Cb7VwgmiM=

infinity-agent@^2.0.0:
  version "2.0.3"
  resolved "https://registry.yarnpkg.com/infinity-agent/-/infinity-agent-2.0.3.tgz#45e0e2ff7a9eb030b27d62b74b3744b7a7ac4216"
  integrity sha1-ReDi/3qesDCyfWK3SzdEt6esQhY=

inherits@^2.0.1, inherits@~2.0.1, inherits@~2.0.3:
  version "2.0.4"
  resolved "https://registry.yarnpkg.com/inherits/-/inherits-2.0.4.tgz#0fa2c64f932917c3433a0ded55363aae37416b7c"
  integrity sha512-k/vGaX4/Yla3WzyMCvTQOXYeIHvqOKtnqBduzTHpzpQZzAskKMhZ2K+EnBiSM9zGSoIFeMpXKxa4dYeZIQqewQ==

ini@~1.3.0:
  version "1.3.5"
  resolved "https://registry.yarnpkg.com/ini/-/ini-1.3.5.tgz#eee25f56db1c9ec6085e0c22778083f596abf927"
  integrity sha512-RZY5huIKCMRWDUqZlEi72f/lmXKMvuszcMBduliQ3nnWbx9X/ZBQO7DijMEYS9EhHBb2qacRUMtC7svLwe0lcw==

ipaddr.js@1.0.5:
  version "1.0.5"
  resolved "https://registry.yarnpkg.com/ipaddr.js/-/ipaddr.js-1.0.5.tgz#5fa78cf301b825c78abc3042d812723049ea23c7"
  integrity sha1-X6eM8wG4JceKvDBC2BJyMEnqI8c=

is-npm@^1.0.0:
  version "1.0.0"
  resolved "https://registry.yarnpkg.com/is-npm/-/is-npm-1.0.0.tgz#f2fb63a65e4905b406c86072765a1a4dc793b9f4"
  integrity sha1-8vtjpl5JBbQGyGBydloaTceTufQ=

is-redirect@^1.0.0:
  version "1.0.0"
  resolved "https://registry.yarnpkg.com/is-redirect/-/is-redirect-1.0.0.tgz#1d03dded53bd8db0f30c26e4f95d36fc7c87dc24"
  integrity sha1-HQPd7VO9jbDzDCbk+V02/HyH3CQ=

is-stream@^1.0.0:
  version "1.1.0"
  resolved "https://registry.yarnpkg.com/is-stream/-/is-stream-1.1.0.tgz#12d4a3dd4e68e0b79ceb8dbc84173ae80d91ca44"
  integrity sha1-EtSj3U5o4Lec6428hBc66A2RykQ=

isarray@~1.0.0:
  version "1.0.0"
  resolved "https://registry.yarnpkg.com/isarray/-/isarray-1.0.0.tgz#bb935d48582cba168c06834957a54a3e07124f11"
  integrity sha1-u5NdSFgsuhaMBoNJV6VKPgcSTxE=

js-yaml@^3.1.0:
  version "3.14.0"
  resolved "https://registry.yarnpkg.com/js-yaml/-/js-yaml-3.14.0.tgz#a7a34170f26a21bb162424d8adacb4113a69e482"
  integrity sha512-/4IbIeHcD9VMHFqDR/gQ7EdZdLimOvW2DdcxFjdyyZ9NsbS+ccrXqVWDtab/lRl5AlUqmpBx8EhPaWR+OtY17A==
  dependencies:
    argparse "^1.0.7"
    esprima "^4.0.0"

latest-version@^1.0.0:
  version "1.0.1"
  resolved "https://registry.yarnpkg.com/latest-version/-/latest-version-1.0.1.tgz#72cfc46e3e8d1be651e1ebb54ea9f6ea96f374bb"
  integrity sha1-cs/Ebj6NG+ZR4eu1Tqn26pbzdLs=
  dependencies:
    package-json "^1.0.0"

lowercase-keys@^1.0.0:
  version "1.0.1"
  resolved "https://registry.yarnpkg.com/lowercase-keys/-/lowercase-keys-1.0.1.tgz#6f9e30b47084d971a7c820ff15a6c5167b74c26f"
  integrity sha512-G2Lj61tXDnVFFOi8VZds+SoQjtQC3dgokKdDG2mTm1tx4m50NUHBOZSBwQQHyy0V12A0JTG4icfZQH+xPyh8VA==

lru-cache@2:
  version "2.7.3"
  resolved "https://registry.yarnpkg.com/lru-cache/-/lru-cache-2.7.3.tgz#6d4524e8b955f95d4f5b58851ce21dd72fb4e952"
  integrity sha1-bUUk6LlV+V1PW1iFHOId1y+06VI=

media-typer@0.3.0:
  version "0.3.0"
  resolved "https://registry.yarnpkg.com/media-typer/-/media-typer-0.3.0.tgz#8710d7af0aa626f8fffa1ce00168545263255748"
  integrity sha1-hxDXrwqmJvj/+hzgAWhUUmMlV0g=

merge-descriptors@0.0.2:
  version "0.0.2"
  resolved "https://registry.yarnpkg.com/merge-descriptors/-/merge-descriptors-0.0.2.tgz#c36a52a781437513c57275f39dd9d317514ac8c7"
  integrity sha1-w2pSp4FDdRPFcnXzndnTF1FKyMc=

methods@1.1.0:
  version "1.1.0"
  resolved "https://registry.yarnpkg.com/methods/-/methods-1.1.0.tgz#5dca4ee12df52ff3b056145986a8f01cbc86436f"
  integrity sha1-XcpO4S31L/OwVhRZhqjwHLyGQ28=

mime-db@1.44.0, "mime-db@>= 1.43.0 < 2":
  version "1.44.0"
  resolved "https://registry.yarnpkg.com/mime-db/-/mime-db-1.44.0.tgz#fa11c5eb0aca1334b4233cb4d52f10c5a6272f92"
  integrity sha512-/NOTfLrsPBVeH7YtFPgsVWveuL+4SjjYxaQ1xtM1KMFj7HdxlBlxeyNLzhyJVx7r4rZGJAZ/6lkKCitSc/Nmpg==

mime-db@~1.12.0:
  version "1.12.0"
  resolved "https://registry.yarnpkg.com/mime-db/-/mime-db-1.12.0.tgz#3d0c63180f458eb10d325aaa37d7c58ae312e9d7"
  integrity sha1-PQxjGA9FjrENMlqqN9fFiuMS6dc=

mime-types@~2.0.4, mime-types@~2.0.9:
  version "2.0.14"
  resolved "https://registry.yarnpkg.com/mime-types/-/mime-types-2.0.14.tgz#310e159db23e077f8bb22b748dabfa4957140aa6"
  integrity sha1-MQ4VnbI+B3+Lsit0jav6SVcUCqY=
  dependencies:
    mime-db "~1.12.0"

mime-types@~2.1.24, mime-types@~2.1.6:
  version "2.1.27"
  resolved "https://registry.yarnpkg.com/mime-types/-/mime-types-2.1.27.tgz#47949f98e279ea53119f5722e0f34e529bec009f"
  integrity sha512-JIhqnCasI9yD+SsmkquHBxTSEuZdQX5BuQnS2Vc7puQQQ+8yiP5AY5uWhpdv4YL4VM5c6iliiYWPgJ/nJQLp7w==
  dependencies:
    mime-db "1.44.0"

mime@1.2.11:
  version "1.2.11"
  resolved "https://registry.yarnpkg.com/mime/-/mime-1.2.11.tgz#58203eed86e3a5ef17aed2b7d9ebd47f0a60dd10"
  integrity sha1-WCA+7Ybjpe8XrtK32evUfwpg3RA=

minimatch@~0.3.0:
  version "0.3.0"
  resolved "https://registry.yarnpkg.com/minimatch/-/minimatch-0.3.0.tgz#275d8edaac4f1bb3326472089e7949c8394699dd"
  integrity sha1-J12O2qxPG7MyZHIInnlJyDlGmd0=
  dependencies:
    lru-cache "2"
    sigmund "~1.0.0"

minimist@^1.2.0, minimist@^1.2.5:
  version "1.2.5"
  resolved "https://registry.yarnpkg.com/minimist/-/minimist-1.2.5.tgz#67d66014b66a6a8aaa0c083c5fd58df4e4e97602"
  integrity sha512-FM9nNUYrRBAELZQT3xeZQ7fmMOBg6nWNmJKTcgsJeaLstP/UODVpGsr5OhXhhXg6f+qtJ8uiZ+PUxkDWcgIXLw==

mkdirp@^0.5.0:
  version "0.5.5"
  resolved "https://registry.yarnpkg.com/mkdirp/-/mkdirp-0.5.5.tgz#d91cefd62d1436ca0f41620e251288d420099def"
  integrity sha512-NKmAlESf6jMGym1++R0Ra7wvhV+wFW63FaSOFPwRahvea0gMUcGUhVeAg/0BC0wiv9ih5NYPB1Wn1UEI1/L+xQ==
  dependencies:
    minimist "^1.2.5"

ms@0.6.2:
  version "0.6.2"
  resolved "https://registry.yarnpkg.com/ms/-/ms-0.6.2.tgz#d89c2124c6fdc1353d65a8b77bf1aac4b193708c"
  integrity sha1-2JwhJMb9wTU9Zai3e/GqxLGTcIw=

ms@0.7.0:
  version "0.7.0"
  resolved "https://registry.yarnpkg.com/ms/-/ms-0.7.0.tgz#865be94c2e7397ad8a57da6a633a6e2f30798b83"
  integrity sha1-hlvpTC5zl62KV9pqYzpuLzB5i4M=

ms@2.0.0:
  version "2.0.0"
  resolved "https://registry.yarnpkg.com/ms/-/ms-2.0.0.tgz#5608aeadfc00be6c2901df5f9861788de0d597c8"
  integrity sha1-VgiurfwAvmwpAd9fmGF4jeDVl8g=

natives@^1.1.3:
  version "1.1.6"
  resolved "https://registry.yarnpkg.com/natives/-/natives-1.1.6.tgz#a603b4a498ab77173612b9ea1acdec4d980f00bb"
  integrity sha512-6+TDFewD4yxY14ptjKaS63GVdtKiES1pTPyxn9Jb0rBqPMZ7VcCiooEhPNsr+mqHtMGxa/5c/HhcC4uPEUw/nA==

negotiator@0.4.9:
  version "0.4.9"
  resolved "https://registry.yarnpkg.com/negotiator/-/negotiator-0.4.9.tgz#92e46b6db53c7e421ed64a2bc94f08be7630df3f"
  integrity sha1-kuRrbbU8fkIe1koryU8IvnYw3z8=

negotiator@0.5.3:
  version "0.5.3"
  resolved "https://registry.yarnpkg.com/negotiator/-/negotiator-0.5.3.tgz#269d5c476810ec92edbe7b6c2f28316384f9a7e8"
  integrity sha1-Jp1cR2gQ7JLtvntsLygxY4T5p+g=

nested-error-stacks@^1.0.0:
  version "1.0.2"
  resolved "https://registry.yarnpkg.com/nested-error-stacks/-/nested-error-stacks-1.0.2.tgz#19f619591519f096769a5ba9a86e6eeec823c3cf"
  integrity sha1-GfYZWRUZ8JZ2mlupqG5u7sgjw88=
  dependencies:
    inherits "~2.0.1"

nodemon@~1.3.7:
  version "1.3.8"
  resolved "https://registry.yarnpkg.com/nodemon/-/nodemon-1.3.8.tgz#40723a96278edeaac48205a1c570cbf4070a6a8e"
  integrity sha1-QHI6lieO3qrEggWhxXDL9AcKao4=
  dependencies:
    minimatch "~0.3.0"
    ps-tree "~0.0.3"
    touch "~0.0.3"
    update-notifier "^0.3.0"

nopt@~1.0.10:
  version "1.0.10"
  resolved "https://registry.yarnpkg.com/nopt/-/nopt-1.0.10.tgz#6ddd21bd2a31417b92727dd585f8a6f37608ebee"
  integrity sha1-bd0hvSoxQXuScn3Vhfim83YI6+4=
  dependencies:
    abbrev "1"

nstore@~0.5.2:
  version "0.5.2"
  resolved "https://registry.yarnpkg.com/nstore/-/nstore-0.5.2.tgz#2028b130a0837d97e0c9cb3f7d42da9a507b8c54"
  integrity sha1-ICixMKCDfZfgycs/fULamlB7jFQ=
  dependencies:
    pattern ">=0.2.0"
    step ">=0.0.3"

object-assign@^2.0.0:
  version "2.1.1"
  resolved "https://registry.yarnpkg.com/object-assign/-/object-assign-2.1.1.tgz#43c36e5d569ff8e4816c4efa8be02d26967c18aa"
  integrity sha1-Q8NuXVaf+OSBbE76i+AtJpZ8GKo=

object-assign@^3.0.0:
  version "3.0.0"
  resolved "https://registry.yarnpkg.com/object-assign/-/object-assign-3.0.0.tgz#9bedd5ca0897949bca47e7ff408062d549f587f2"
  integrity sha1-m+3VygiXlJvKR+f/QIBi1Un1h/I=

on-finished@2.1.0:
  version "2.1.0"
  resolved "https://registry.yarnpkg.com/on-finished/-/on-finished-2.1.0.tgz#0c539f09291e8ffadde0c8a25850fb2cedc7022d"
  integrity sha1-DFOfCSkej/rd4MiiWFD7LO3HAi0=
  dependencies:
    ee-first "1.0.5"

on-finished@~2.1.0:
  version "2.1.1"
  resolved "https://registry.yarnpkg.com/on-finished/-/on-finished-2.1.1.tgz#f82ca1c9e3a4f3286b1b9938610e5b8636bd3cb2"
  integrity sha1-+CyhyeOk8yhrG5k4YQ5bhja9PLI=
  dependencies:
    ee-first "1.1.0"

on-finished@~2.2.0:
  version "2.2.1"
  resolved "https://registry.yarnpkg.com/on-finished/-/on-finished-2.2.1.tgz#5c85c1cc36299f78029653f667f27b6b99ebc029"
  integrity sha1-XIXBzDYpn3gCllP2Z/J7a5nrwCk=
  dependencies:
    ee-first "1.1.0"

on-headers@~1.0.0, on-headers@~1.0.2:
  version "1.0.2"
  resolved "https://registry.yarnpkg.com/on-headers/-/on-headers-1.0.2.tgz#772b0ae6aaa525c399e489adfad90c403eb3c28f"
  integrity sha512-pZAE+FJLoyITytdqK0U5s+FIpjN0JP3OzFi/u8Rx+EV5/W+JTWGXG8xFzevE7AjBfDqHv/8vL8qQsIhHnqRkrA==

once@^1.4.0:
  version "1.4.0"
  resolved "https://registry.yarnpkg.com/once/-/once-1.4.0.tgz#583b1aa775961d4b113ac17d9c50baef9dd76bd1"
  integrity sha1-WDsap3WWHUsROsF9nFC6753Xa9E=
  dependencies:
    wrappy "1"

optimist@0.2:
  version "0.2.8"
  resolved "https://registry.yarnpkg.com/optimist/-/optimist-0.2.8.tgz#e981ab7e268b457948593b55674c099a815cac31"
  integrity sha1-6YGrfiaLRXlIWTtVZ0wJmoFcrDE=
  dependencies:
    wordwrap ">=0.0.1 <0.1.0"

os-homedir@^1.0.0:
  version "1.0.2"
  resolved "https://registry.yarnpkg.com/os-homedir/-/os-homedir-1.0.2.tgz#ffbc4988336e0e833de0c168c7ef152121aa7fb3"
  integrity sha1-/7xJiDNuDoM94MFox+8VISGqf7M=

os-tmpdir@^1.0.0:
  version "1.0.2"
  resolved "https://registry.yarnpkg.com/os-tmpdir/-/os-tmpdir-1.0.2.tgz#bbe67406c79aa85c5cfec766fe5734555dfa1274"
  integrity sha1-u+Z0BseaqFxc/sdm/lc0VV36EnQ=

osenv@^0.1.0:
  version "0.1.5"
  resolved "https://registry.yarnpkg.com/osenv/-/osenv-0.1.5.tgz#85cdfafaeb28e8677f416e287592b5f3f49ea410"
  integrity sha512-0CWcCECdMVc2Rw3U5w9ZjqX6ga6ubk1xDVKxtBQPK7wis/0F2r9T6k4ydGYhecl7YUBxBVxhL5oisPsNxAPe2g==
  dependencies:
    os-homedir "^1.0.0"
    os-tmpdir "^1.0.0"

package-json@^1.0.0:
  version "1.2.0"
  resolved "https://registry.yarnpkg.com/package-json/-/package-json-1.2.0.tgz#c8ecac094227cdf76a316874ed05e27cc939a0e0"
  integrity sha1-yOysCUInzfdqMWh07QXifMk5oOA=
  dependencies:
    got "^3.2.0"
    registry-url "^3.0.0"

parseurl@~1.3.0, parseurl@~1.3.3:
  version "1.3.3"
  resolved "https://registry.yarnpkg.com/parseurl/-/parseurl-1.3.3.tgz#9da19e7bee8d12dff0513ed5b76957793bc2e8d4"
  integrity sha512-CiyeOxFT/JZyN5m0z9PfXw4SCBJ6Sygz1Dpl0wqjlhDEGGBP1GnsUVEL0p63hoG1fcj3fHynXi9NYO4nWOL+qQ==

path-to-regexp@0.1.3:
  version "0.1.3"
  resolved "https://registry.yarnpkg.com/path-to-regexp/-/path-to-regexp-0.1.3.tgz#21b9ab82274279de25b156ea08fd12ca51b8aecb"
  integrity sha1-IbmrgidCed4lsVbqCP0SylG4rss=

pattern@>=0.2.0:
  version "0.2.0"
  resolved "https://registry.yarnpkg.com/pattern/-/pattern-0.2.0.tgz#bc0a0fe0d9be0006b7cdf2d36ba7e92fdab29a3a"
  integrity sha1-vAoP4Nm+AAa3zfLTa6fpL9qymjo=

pinkie-promise@^2.0.0:
  version "2.0.1"
  resolved "https://registry.yarnpkg.com/pinkie-promise/-/pinkie-promise-2.0.1.tgz#2135d6dfa7a358c069ac9b178776288228450ffa"
  integrity sha1-ITXW36ejWMBprJsXh3YogihFD/o=
  dependencies:
    pinkie "^2.0.0"

pinkie@^2.0.0:
  version "2.0.4"
  resolved "https://registry.yarnpkg.com/pinkie/-/pinkie-2.0.4.tgz#72556b80cfa0d48a974e80e77248e80ed4f7f870"
  integrity sha1-clVrgM+g1IqXToDnckjoDtT3+HA=

prepend-http@^1.0.0:
  version "1.0.4"
  resolved "https://registry.yarnpkg.com/prepend-http/-/prepend-http-1.0.4.tgz#d4f4562b0ce3696e41ac52d0e002e57a635dc6dc"
  integrity sha1-1PRWKwzjaW5BrFLQ4ALlemNdxtw=

process-nextick-args@~2.0.0:
  version "2.0.1"
  resolved "https://registry.yarnpkg.com/process-nextick-args/-/process-nextick-args-2.0.1.tgz#7820d9b16120cc55ca9ae7792680ae7dba6d7fe2"
  integrity sha512-3ouUOpQhtgrbOa17J7+uxOTpITYWaGP7/AhoR3+A+/1e9skrzelGi/dXzEYyvbxubEF6Wn2ypscTKiKJFFn1ag==

proxy-addr@~1.0.3:
  version "1.0.10"
  resolved "https://registry.yarnpkg.com/proxy-addr/-/proxy-addr-1.0.10.tgz#0d40a82f801fc355567d2ecb65efe3f077f121c5"
  integrity sha1-DUCoL4Afw1VWfS7LZe/j8HfxIcU=
  dependencies:
    forwarded "~0.1.0"
    ipaddr.js "1.0.5"

ps-tree@~0.0.3:
  version "0.0.3"
  resolved "https://registry.yarnpkg.com/ps-tree/-/ps-tree-0.0.3.tgz#dbf8d752a7fe22fa7d58635689499610e9276ddc"
  integrity sha1-2/jXUqf+Ivp9WGNWiUmWEOknbdw=
  dependencies:
    event-stream "~0.5"

qs@2.2.4:
  version "2.2.4"
  resolved "https://registry.yarnpkg.com/qs/-/qs-2.2.4.tgz#2e9fbcd34b540e3421c924ecd01e90aa975319c8"
  integrity sha1-Lp+800tUDjQhySTs0B6QqpdTGcg=

qs@2.4.1:
  version "2.4.1"
  resolved "https://registry.yarnpkg.com/qs/-/qs-2.4.1.tgz#68cbaea971013426a80c1404fad6b1a6b1175245"
  integrity sha1-aMuuqXEBNCaoDBQE+taxprEXUkU=

random-bytes@~1.0.0:
  version "1.0.0"
  resolved "https://registry.yarnpkg.com/random-bytes/-/random-bytes-1.0.0.tgz#4f68a1dc0ae58bd3fb95848c30324db75d64360b"
  integrity sha1-T2ih3Arli9P7lYSMMDJNt11kNgs=

range-parser@~1.0.2:
  version "1.0.3"
  resolved "https://registry.yarnpkg.com/range-parser/-/range-parser-1.0.3.tgz#6872823535c692e2c2a0103826afd82c2e0ff175"
  integrity sha1-aHKCNTXGkuLCoBA4Jq/YLC4P8XU=

raw-body@1.3.3:
  version "1.3.3"
  resolved "https://registry.yarnpkg.com/raw-body/-/raw-body-1.3.3.tgz#8841af3f64ad50a351dc77f229118b40c28fa58c"
  integrity sha1-iEGvP2StUKNR3HfyKRGLQMKPpYw=
  dependencies:
    bytes "1.0.0"
    iconv-lite "0.4.7"

rc@^1.0.1:
  version "1.2.8"
  resolved "https://registry.yarnpkg.com/rc/-/rc-1.2.8.tgz#cd924bf5200a075b83c188cd6b9e211b7fc0d3ed"
  integrity sha512-y3bGgqKj3QBdxLbLkomlohkvsA8gdAiUQlSBJnBhfn+BPxg4bc62d8TcBW15wavDfgexCgccckhcZvywyQYPOw==
  dependencies:
    deep-extend "^0.6.0"
    ini "~1.3.0"
    minimist "^1.2.0"
    strip-json-comments "~2.0.1"

read-all-stream@^3.0.0:
  version "3.1.0"
  resolved "https://registry.yarnpkg.com/read-all-stream/-/read-all-stream-3.1.0.tgz#35c3e177f2078ef789ee4bfafa4373074eaef4fa"
  integrity sha1-NcPhd/IHjveJ7kv6+kNzB06u9Po=
  dependencies:
    pinkie-promise "^2.0.0"
    readable-stream "^2.0.0"

readable-stream@^2.0.0:
  version "2.3.7"
  resolved "https://registry.yarnpkg.com/readable-stream/-/readable-stream-2.3.7.tgz#1eca1cf711aef814c04f62252a36a62f6cb23b57"
  integrity sha512-Ebho8K4jIbHAxnuxi7o42OrZgF/ZTNcsZj6nRKyUmkhLFq8CHItp/fy6hQZuZmP/n3yZ9VBUbp4zz/mX8hmYPw==
  dependencies:
    core-util-is "~1.0.0"
    inherits "~2.0.3"
    isarray "~1.0.0"
    process-nextick-args "~2.0.0"
    safe-buffer "~5.1.1"
    string_decoder "~1.1.1"
    util-deprecate "~1.0.1"

registry-url@^3.0.0:
  version "3.1.0"
  resolved "https://registry.yarnpkg.com/registry-url/-/registry-url-3.1.0.tgz#3d4ef870f73dde1d77f0cf9a381432444e174942"
  integrity sha1-PU74cPc93h138M+aOBQyRE4XSUI=
  dependencies:
    rc "^1.0.1"

safe-buffer@5.2.0:
  version "5.2.0"
  resolved "https://registry.yarnpkg.com/safe-buffer/-/safe-buffer-5.2.0.tgz#b74daec49b1148f88c64b68d49b1e815c1f2f519"
  integrity sha512-fZEwUGbVl7kouZs1jCdMLdt95hdIv0ZeHg6L7qPeciMZhZ+/gdesW4wgTARkrFWEpspjEATAzUGPG8N2jJiwbg==

safe-buffer@~5.1.0, safe-buffer@~5.1.1:
  version "5.1.2"
  resolved "https://registry.yarnpkg.com/safe-buffer/-/safe-buffer-5.1.2.tgz#991ec69d296e0313747d59bdfd2b745c35f8828d"
  integrity sha512-Gd2UZBJDkXlY7GbJxfsE8/nvKkUEU1G38c1siN6QP6a9PT9MmHB8GnpscSmMJSoF8LOIrt8ud/wPtojys4G6+g==

semver-diff@^2.0.0:
  version "2.1.0"
  resolved "https://registry.yarnpkg.com/semver-diff/-/semver-diff-2.1.0.tgz#4bbb8437c8d37e4b0cf1a68fd726ec6d645d6d36"
  integrity sha1-S7uEN8jTfksM8aaP1ybsbWRdbTY=
  dependencies:
    semver "^5.0.3"

semver@^5.0.3:
  version "5.7.1"
  resolved "https://registry.yarnpkg.com/semver/-/semver-5.7.1.tgz#a954f931aeba508d307bbf069eff0c01c96116f7"
  integrity sha512-sauaDf/PZdVgrLTNYHRtpXa1iRiKcaebiKQ1BJdpQlWH2lCvexQdX55snPFyK7QzpudqbCI0qXFfOasHdyNDGQ==

send@0.9.3:
  version "0.9.3"
  resolved "https://registry.yarnpkg.com/send/-/send-0.9.3.tgz#b43a7414cd089b7fbec9b755246f7c37b7b85cc0"
  integrity sha1-tDp0FM0Im3++ybdVJG98N7e4XMA=
  dependencies:
    debug "~2.0.0"
    depd "0.4.5"
    destroy "1.0.3"
    escape-html "1.0.1"
    etag "~1.4.0"
    fresh "0.2.4"
    mime "1.2.11"
    ms "0.6.2"
    on-finished "2.1.0"
    range-parser "~1.0.2"

serve-static@~1.6.4:
  version "1.6.5"
  resolved "https://registry.yarnpkg.com/serve-static/-/serve-static-1.6.5.tgz#aca17e0deac4a87729f6078781b7d27f63aa3d9c"
  integrity sha1-rKF+DerEqHcp9geHgbfSf2OqPZw=
  dependencies:
    escape-html "1.0.1"
    parseurl "~1.3.0"
    send "0.9.3"
    utils-merge "1.0.0"

sigmund@~1.0.0:
  version "1.0.1"
  resolved "https://registry.yarnpkg.com/sigmund/-/sigmund-1.0.1.tgz#3ff21f198cad2175f9f3b781853fd94d0d19b590"
  integrity sha1-P/IfGYytIXX587eBhT/ZTQ0ZtZA=

sprintf-js@~1.0.2:
  version "1.0.3"
  resolved "https://registry.yarnpkg.com/sprintf-js/-/sprintf-js-1.0.3.tgz#04e6926f662895354f3dd015203633b857297e2c"
  integrity sha1-BOaSb2YolTVPPdAVIDYzuFcpfiw=

step@>=0.0.3:
  version "1.0.0"
  resolved "https://registry.yarnpkg.com/step/-/step-1.0.0.tgz#b300e9d2ae9057d4d78633aae2303813a94bdff2"
  integrity sha1-swDp0q6QV9TXhjOq4jA4E6lL3/I=

stream-shift@^1.0.0:
  version "1.0.1"
  resolved "https://registry.yarnpkg.com/stream-shift/-/stream-shift-1.0.1.tgz#d7088281559ab2778424279b0877da3c392d5a3d"
  integrity sha512-AiisoFqQ0vbGcZgQPY1cdP2I76glaVA/RauYR4G4thNFgkTqr90yXTo4LYX60Jl+sIlPNHHdGSwo01AvbKUSVQ==

string-length@^1.0.0:
  version "1.0.1"
  resolved "https://registry.yarnpkg.com/string-length/-/string-length-1.0.1.tgz#56970fb1c38558e9e70b728bf3de269ac45adfac"
  integrity sha1-VpcPscOFWOnnC3KL894mmsRa36w=
  dependencies:
    strip-ansi "^3.0.0"

string_decoder@~1.1.1:
  version "1.1.1"
  resolved "https://registry.yarnpkg.com/string_decoder/-/string_decoder-1.1.1.tgz#9cf1611ba62685d7030ae9e4ba34149c3af03fc8"
  integrity sha512-n/ShnvDi6FHbbVfviro+WojiFzv+s8MPMHBczVePfUpDJLwoLT0ht1l4YwBCbi8pJAveEEdnkHyPyTP/mzRfwg==
  dependencies:
    safe-buffer "~5.1.0"

strip-ansi@^3.0.0:
  version "3.0.1"
  resolved "https://registry.yarnpkg.com/strip-ansi/-/strip-ansi-3.0.1.tgz#6a385fb8853d952d5ff05d0e8aaf94278dc63dcf"
  integrity sha1-ajhfuIU9lS1f8F0Oiq+UJ43GPc8=
  dependencies:
    ansi-regex "^2.0.0"

strip-json-comments@~2.0.1:
  version "2.0.1"
  resolved "https://registry.yarnpkg.com/strip-json-comments/-/strip-json-comments-2.0.1.tgz#3c531942e908c2697c0ec344858c286c7ca0a60a"
  integrity sha1-PFMZQukIwml8DsNEhYwobHygpgo=

supports-color@^2.0.0:
  version "2.0.0"
  resolved "https://registry.yarnpkg.com/supports-color/-/supports-color-2.0.0.tgz#535d045ce6b6363fa40117084629995e9df324c7"
  integrity sha1-U10EXOa2Nj+kARcIRimZXp3zJMc=

timed-out@^2.0.0:
  version "2.0.0"
  resolved "https://registry.yarnpkg.com/timed-out/-/timed-out-2.0.0.tgz#f38b0ae81d3747d628001f41dafc652ace671c0a"
  integrity sha1-84sK6B03R9YoAB9B2vxlKs5nHAo=

touch@~0.0.3:
  version "0.0.4"
  resolved "https://registry.yarnpkg.com/touch/-/touch-0.0.4.tgz#fc1a7103cbe0ecee713d1384d775e2f9e21caae2"
  integrity sha1-/BpxA8vg7O5xPROE13Xi+eIcquI=
  dependencies:
    nopt "~1.0.10"

type-is@~1.5.2:
  version "1.5.7"
  resolved "https://registry.yarnpkg.com/type-is/-/type-is-1.5.7.tgz#b9368a593cc6ef7d0645e78b2f4c64cbecd05e90"
  integrity sha1-uTaKWTzG730GReeLL0xky+zQXpA=
  dependencies:
    media-typer "0.3.0"
    mime-types "~2.0.9"

type-is@~1.6.1:
  version "1.6.18"
  resolved "https://registry.yarnpkg.com/type-is/-/type-is-1.6.18.tgz#4e552cd05df09467dcbc4ef739de89f2cf37c131"
  integrity sha512-TkRKr9sUTxEH8MdfuCSP7VizJyzRNMjj2J2do2Jr3Kym598JVdEksuzPQCnlFPW4ky9Q+iA+ma9BGm06XQBy8g==
  dependencies:
    media-typer "0.3.0"
    mime-types "~2.1.24"

uid-safe@~2.1.5:
  version "2.1.5"
  resolved "https://registry.yarnpkg.com/uid-safe/-/uid-safe-2.1.5.tgz#2b3d5c7240e8fc2e58f8aa269e5ee49c0857bd3a"
  integrity sha512-KPHm4VL5dDXKz01UuEd88Df+KzynaohSL9fBh096KWAxSKZQDI2uBrVqtvRM4rwrIrRRKsdLNML/lnaaVSRioA==
  dependencies:
    random-bytes "~1.0.0"

update-notifier@^0.3.0:
  version "0.3.2"
  resolved "https://registry.yarnpkg.com/update-notifier/-/update-notifier-0.3.2.tgz#22a8735baadef3320e2db928f693da898dc87777"
  integrity sha1-IqhzW6re8zIOLbko9pPaiY3Id3c=
  dependencies:
    chalk "^1.0.0"
    configstore "^0.3.1"
    is-npm "^1.0.0"
    latest-version "^1.0.0"
    semver-diff "^2.0.0"
    string-length "^1.0.0"

user-home@^1.0.0:
  version "1.1.1"
  resolved "https://registry.yarnpkg.com/user-home/-/user-home-1.1.1.tgz#2b5be23a32b63a7c9deb8d0f28d485724a3df190"
  integrity sha1-K1viOjK2Onyd640PKNSFcko98ZA=

util-deprecate@~1.0.1:
  version "1.0.2"
  resolved "https://registry.yarnpkg.com/util-deprecate/-/util-deprecate-1.0.2.tgz#450d4dc9fa70de732762fbd2d4a28981419a0ccf"
  integrity sha1-RQ1Nyfpw3nMnYvvS1KKJgUGaDM8=

utils-merge@1.0.0:
  version "1.0.0"
  resolved "https://registry.yarnpkg.com/utils-merge/-/utils-merge-1.0.0.tgz#0294fb922bb9375153541c4f7096231f287c8af8"
  integrity sha1-ApT7kiu5N1FTVBxPcJYjHyh8ivg=

uuid@^2.0.1:
  version "2.0.3"
  resolved "https://registry.yarnpkg.com/uuid/-/uuid-2.0.3.tgz#67e2e863797215530dff318e5bf9dcebfd47b21a"
  integrity sha1-Z+LoY3lyFVMN/zGOW/nc6/1Hsho=

vary@~1.0.0:
  version "1.0.1"
  resolved "https://registry.yarnpkg.com/vary/-/vary-1.0.1.tgz#99e4981566a286118dfb2b817357df7993376d10"
  integrity sha1-meSYFWaihhGN+yuBc1ffeZM3bRA=

"wordwrap@>=0.0.1 <0.1.0":
  version "0.0.3"
  resolved "https://registry.yarnpkg.com/wordwrap/-/wordwrap-0.0.3.tgz#a3d5da6cd5c0bc0008d37234bbaf1bed63059107"
  integrity sha1-o9XabNXAvAAI03I0u68b7WMFkQc=

wrappy@1:
  version "1.0.2"
  resolved "https://registry.yarnpkg.com/wrappy/-/wrappy-1.0.2.tgz#b5243d8f3ec1aa35f1364605bc0d1036e30ab69f"
  integrity sha1-tSQ9jz7BqjXxNkYFvA0QNuMKtp8=

xdg-basedir@^1.0.0:
  version "1.0.1"
  resolved "https://registry.yarnpkg.com/xdg-basedir/-/xdg-basedir-1.0.1.tgz#14ff8f63a4fdbcb05d5b6eea22b36f3033b9f04e"
  integrity sha1-FP+PY6T9vLBdW27qIrNvMDO58E4=
  dependencies:
    user-home "^1.0.0"
